
Microsoft Visual Studio Solution File, Format Version 12.00
# Visual Studio 15
VisualStudioVersion = 15.0.26430.12
MinimumVisualStudioVersion = 10.0.40219.1
Project("{FAE04EC0-301F-11D3-BF4B-00C04F79EFBC}") = "ControleDeVendas", "ProjetoLPA\ControleDeVendas.csproj", "{0A0D5264-A99D-4350-A94B-E929B4CCE38E}"
EndProject
Project("{FAE04EC0-301F-11D3-BF4B-00C04F79EFBC}") = "DllControleDeVendas", "DllControleDeVendas\DllControleDeVendas.csproj", "{CDA6989E-850C-48CC-9009-2457971C1416}"
EndProject
Global
	GlobalSection(SolutionConfigurationPlatforms) = preSolution
		Debug|Any CPU = Debug|Any CPU
		Release|Any CPU = Release|Any CPU
	EndGlobalSection
	GlobalSection(ProjectConfigurationPlatforms) = postSolution
		{0A0D5264-A99D-4350-A94B-E929B4CCE38E}.Debug|Any CPU.ActiveCfg = Debug|Any CPU
		{0A0D5264-A99D-4350-A94B-E929B4CCE38E}.Debug|Any CPU.Build.0 = Debug|Any CPU
		{0A0D5264-A99D-4350-A94B-E929B4CCE38E}.Release|Any CPU.ActiveCfg = Release|Any CPU
		{0A0D5264-A99D-4350-A94B-E929B4CCE38E}.Release|Any CPU.Build.0 = Release|Any CPU
		{CDA6989E-850C-48CC-9009-2457971C1416}.Debug|Any CPU.ActiveCfg = Debug|Any CPU
		{CDA6989E-850C-48CC-9009-2457971C1416}.Debug|Any CPU.Build.0 = Debug|Any CPU
		{CDA6989E-850C-48CC-9009-2457971C1416}.Release|Any CPU.ActiveCfg = Release|Any CPU
		{CDA6989E-850C-48CC-9009-2457971C1416}.Release|Any CPU.Build.0 = Release|Any CPU
	EndGlobalSection
	GlobalSection(SolutionProperties) = preSolution
		HideSolutionNode = FALSE
	EndGlobalSection
EndGlobal
